
Microsoft Visual Studio Solution File, Format Version 12.00
# Visual Studio Version 16
VisualStudioVersion = 16.0.29613.14
MinimumVisualStudioVersion = 10.0.40219.1
Project("{9A19103F-16F7-4668-BE54-9A1E7A4F7556}") = "WebAppChat", "WebAppChat\WebAppChat.csproj", "{C3A82DD7-9BCA-41C1-8EB3-9A8E92DD860A}"
EndProject
Global
	GlobalSection(SolutionConfigurationPlatforms) = preSolution
		Debug|Any CPU = Debug|Any CPU
		Release|Any CPU = Release|Any CPU
	EndGlobalSection
	GlobalSection(ProjectConfigurationPlatforms) = postSolution
		{C3A82DD7-9BCA-41C1-8EB3-9A8E92DD860A}.Debug|Any CPU.ActiveCfg = Debug|Any CPU
		{C3A82DD7-9BCA-41C1-8EB3-9A8E92DD860A}.Debug|Any CPU.Build.0 = Debug|Any CPU
		{C3A82DD7-9BCA-41C1-8EB3-9A8E92DD860A}.Release|Any CPU.ActiveCfg = Release|Any CPU
		{C3A82DD7-9BCA-41C1-8EB3-9A8E92DD860A}.Release|Any CPU.Build.0 = Release|Any CPU
	EndGlobalSection
	GlobalSection(SolutionProperties) = preSolution
		HideSolutionNode = FALSE
	EndGlobalSection
	GlobalSection(ExtensibilityGlobals) = postSolution
		SolutionGuid = {3897B5D3-B13D-471B-9414-4AC7F5D53BF1}
	EndGlobalSection
EndGlobal
