
Microsoft Visual Studio Solution File, Format Version 12.00
# Visual Studio Version 16
VisualStudioVersion = 16.0.29613.14
MinimumVisualStudioVersion = 10.0.40219.1
Project("{9A19103F-16F7-4668-BE54-9A1E7A4F7556}") = "WebAppChat", "WebAppChat\WebAppChat.csproj", "{C3A82DD7-9BCA-41C1-8EB3-9A8E92DD860A}"
EndProject
Project("{9A19103F-16F7-4668-BE54-9A1E7A4F7556}") = "ExternalApi", "ExternalApi\ExternalApi.csproj", "{9FF98F19-148C-46D2-9EEF-3B072739E779}"
EndProject
Project("{9A19103F-16F7-4668-BE54-9A1E7A4F7556}") = "ChallengeBot", "ChallengeBot\ChallengeBot.csproj", "{A2F9C9CA-E128-4B1B-8FF8-01847015514F}"
EndProject
Global
	GlobalSection(SolutionConfigurationPlatforms) = preSolution
		Debug|Any CPU = Debug|Any CPU
		Release|Any CPU = Release|Any CPU
	EndGlobalSection
	GlobalSection(ProjectConfigurationPlatforms) = postSolution
		{C3A82DD7-9BCA-41C1-8EB3-9A8E92DD860A}.Debug|Any CPU.ActiveCfg = Debug|Any CPU
		{C3A82DD7-9BCA-41C1-8EB3-9A8E92DD860A}.Debug|Any CPU.Build.0 = Debug|Any CPU
		{C3A82DD7-9BCA-41C1-8EB3-9A8E92DD860A}.Release|Any CPU.ActiveCfg = Release|Any CPU
		{C3A82DD7-9BCA-41C1-8EB3-9A8E92DD860A}.Release|Any CPU.Build.0 = Release|Any CPU
		{9FF98F19-148C-46D2-9EEF-3B072739E779}.Debug|Any CPU.ActiveCfg = Debug|Any CPU
		{9FF98F19-148C-46D2-9EEF-3B072739E779}.Debug|Any CPU.Build.0 = Debug|Any CPU
		{9FF98F19-148C-46D2-9EEF-3B072739E779}.Release|Any CPU.ActiveCfg = Release|Any CPU
		{9FF98F19-148C-46D2-9EEF-3B072739E779}.Release|Any CPU.Build.0 = Release|Any CPU
		{A2F9C9CA-E128-4B1B-8FF8-01847015514F}.Debug|Any CPU.ActiveCfg = Debug|Any CPU
		{A2F9C9CA-E128-4B1B-8FF8-01847015514F}.Debug|Any CPU.Build.0 = Debug|Any CPU
		{A2F9C9CA-E128-4B1B-8FF8-01847015514F}.Release|Any CPU.ActiveCfg = Release|Any CPU
		{A2F9C9CA-E128-4B1B-8FF8-01847015514F}.Release|Any CPU.Build.0 = Release|Any CPU
	EndGlobalSection
	GlobalSection(SolutionProperties) = preSolution
		HideSolutionNode = FALSE
	EndGlobalSection
	GlobalSection(ExtensibilityGlobals) = postSolution
		SolutionGuid = {3897B5D3-B13D-471B-9414-4AC7F5D53BF1}
	EndGlobalSection
EndGlobal
